<?xml version="1.0" encoding="utf-8"?>
<Project ToolsVersion="4.0" xmlns="http://schemas.microsoft.com/developer/msbuild/2003">
  <ItemGroup>
    <Filter Include="Source Files">
      <UniqueIdentifier>{4FC737F1-C7A5-4376-A066-2A32D752A2FF}</UniqueIdentifier>
      <Extensions>cpp;c;cc;cxx;c++;def;odl;idl;hpj;bat;asm;asmx</Extensions>
    </Filter>
    <Filter Include="Source Files\Scene">
      <UniqueIdentifier>{1e59bec5-3aba-4090-8e3c-5b8e6fd92d48}</UniqueIdentifier>
    </Filter>
    <Filter Include="Source Files\Manager">
      <UniqueIdentifier>{847b3da4-5210-400a-b1fa-d654bd93f9e7}</UniqueIdentifier>
    </Filter>
  </ItemGroup>
  <ItemGroup>
    <ClCompile Include="src\WinMain.cpp">
      <Filter>Source Files</Filter>
    </ClCompile>
    <ClCompile Include="src\Scene\SceneBase.cpp">
      <Filter>Source Files\Scene</Filter>
    </ClCompile>
    <ClCompile Include="src\Scene\InGameScene.cpp">
      <Filter>Source Files\Scene</Filter>
    </ClCompile>
    <ClCompile Include="src\Scene\ResultScene.cpp">
      <Filter>Source Files\Scene</Filter>
    </ClCompile>
    <ClCompile Include="src\Scene\TitleScene.cpp">
      <Filter>Source Files\Scene</Filter>
    </ClCompile>
    <ClCompile Include="src\Manager\SceneManager.cpp">
      <Filter>Source Files\Manager</Filter>
    </ClCompile>
  </ItemGroup>
  <ItemGroup>
    <ClInclude Include="src\Scene\SceneBase.h">
      <Filter>Source Files\Scene</Filter>
    </ClInclude>
    <ClInclude Include="src\Scene\InGameScene.h">
      <Filter>Source Files\Scene</Filter>
    </ClInclude>
    <ClInclude Include="src\Scene\ResultScene.h">
      <Filter>Source Files\Scene</Filter>
    </ClInclude>
    <ClInclude Include="src\Scene\TitleScene.h">
      <Filter>Source Files\Scene</Filter>
    </ClInclude>
    <ClInclude Include="src\Definition.h">
      <Filter>Source Files</Filter>
    </ClInclude>
    <ClInclude Include="src\Manager\SceneManager.h">
      <Filter>Source Files\Manager</Filter>
    </ClInclude>
    <ClInclude Include="src\Singleton.h">
      <Filter>Source Files</Filter>
    </ClInclude>
  </ItemGroup>
</Project>